
Microsoft Visual Studio Solution File, Format Version 12.00
# Visual Studio 15
VisualStudioVersion = 15.0.28307.757
MinimumVisualStudioVersion = 10.0.40219.1
Project("{FAE04EC0-301F-11D3-BF4B-00C04F79EFBC}") = "LicenseKey", "LicenseKey\LicenseKey.csproj", "{C8B7E36F-7917-4293-83E0-D7DC73A9C7BE}"
EndProject
Global
	GlobalSection(SolutionConfigurationPlatforms) = preSolution
		Debug|Any CPU = Debug|Any CPU
		Release|Any CPU = Release|Any CPU
	EndGlobalSection
	GlobalSection(ProjectConfigurationPlatforms) = postSolution
		{C8B7E36F-7917-4293-83E0-D7DC73A9C7BE}.Debug|Any CPU.ActiveCfg = Debug|Any CPU
		{C8B7E36F-7917-4293-83E0-D7DC73A9C7BE}.Debug|Any CPU.Build.0 = Debug|Any CPU
		{C8B7E36F-7917-4293-83E0-D7DC73A9C7BE}.Release|Any CPU.ActiveCfg = Release|Any CPU
		{C8B7E36F-7917-4293-83E0-D7DC73A9C7BE}.Release|Any CPU.Build.0 = Release|Any CPU
	EndGlobalSection
	GlobalSection(SolutionProperties) = preSolution
		HideSolutionNode = FALSE
	EndGlobalSection
	GlobalSection(ExtensibilityGlobals) = postSolution
		SolutionGuid = {0FB9909D-F964-416B-B208-61EFAEE4BA36}
	EndGlobalSection
EndGlobal
